{
  "name": "ajs2",
  "version": "1.0.0",
  "lockfileVersion": 2,
  "requires": true,
  "packages": {
    "": {
      "name": "ajs2",
      "version": "1.0.0",
      "license": "ISC",
      "dependencies": {
        "@markomelle/ajs": "^1.0.0"
      }
    },
    "node_modules/@markomelle/ajs": {
      "version": "1.0.0",
      "resolved": "https://npm.pkg.github.com/download/@markomelle/ajs/1.0.0/818e0a0044e618feb070d917e45961a19bc11852",
      "integrity": "sha512-dbMzavJwsjEqhuJGDj8+1Com9WGt94Zoin/tlx6oeDS/nXUaKTkqIWp5hwZgPQwSZwGh9ufPf9Zrvii+zkz2/g==",
      "license": "ISC"
    }
  },
  "dependencies": {
    "@markomelle/ajs": {
      "version": "1.0.0",
      "resolved": "https://npm.pkg.github.com/download/@markomelle/ajs/1.0.0/818e0a0044e618feb070d917e45961a19bc11852",
      "integrity": "sha512-dbMzavJwsjEqhuJGDj8+1Com9WGt94Zoin/tlx6oeDS/nXUaKTkqIWp5hwZgPQwSZwGh9ufPf9Zrvii+zkz2/g=="
    }
  }
}
